{
    "_meta": {
        "hash": {
            "sha256": "97b355e31fd82f7fa495fd3a8b29ae266d2e4c72c511bafd9ab5c798eb063338"
        },
        "pipfile-spec": 6,
        "requires": {
            "python_version": "3.7"
        },
        "sources": [
            {
                "name": "pypi",
                "url": "https://pypi.org/simple",
                "verify_ssl": true
            }
        ]
    },
    "default": {
        "argh": {
            "hashes": [
                "sha256:a9b3aaa1904eeb78e32394cd46c6f37ac0fb4af6dc488daa58971bdc7d7fcaf3",
                "sha256:e9535b8c84dc9571a48999094fda7f33e63c3f1b74f3e5f3ac0105a58405bb65"
            ],
            "version": "==0.26.2"
        },
        "pathtools": {
            "hashes": [
                "sha256:7c35c5421a39bb82e58018febd90e3b6e5db34c5443aaaf742b3f33d4655f1c0"
            ],
            "version": "==0.1.2"
        },
        "pyyaml": {
            "hashes": [
                "sha256:059b2ee3194d718896c0ad077dd8c043e5e909d9180f387ce42012662a4946d6",
                "sha256:1cf708e2ac57f3aabc87405f04b86354f66799c8e62c28c5fc5f88b5521b2dbf",
                "sha256:24521fa2890642614558b492b473bee0ac1f8057a7263156b02e8b14c88ce6f5",
                "sha256:4fee71aa5bc6ed9d5f116327c04273e25ae31a3020386916905767ec4fc5317e",
                "sha256:70024e02197337533eef7b85b068212420f950319cc8c580261963aefc75f811",
                "sha256:74782fbd4d4f87ff04159e986886931456a1894c61229be9eaf4de6f6e44b99e",
                "sha256:940532b111b1952befd7db542c370887a8611660d2b9becff75d39355303d82d",
                "sha256:cb1f2f5e426dc9f07a7681419fe39cee823bb74f723f36f70399123f439e9b20",
                "sha256:dbbb2379c19ed6042e8f11f2a2c66d39cceb8aeace421bfc29d085d93eda3689",
                "sha256:e3a057b7a64f1222b56e47bcff5e4b94c4f61faac04c7c4ecb1985e18caa3994",
                "sha256:e9f45bd5b92c7974e59bcd2dcc8631a6b6cc380a904725fce7bc08872e691615"
            ],
            "version": "==5.3"
        },
        "six": {
            "hashes": [
                "sha256:236bdbdce46e6e6a3d61a337c0f8b763ca1e8717c03b369e87a7ec7ce1319c0a",
                "sha256:8f3cd2e254d8f793e7f3d6d9df77b92252b52637291d0f0da013c76ea2724b6c"
            ],
            "version": "==1.14.0"
        },
        "tornado": {
            "hashes": [
                "sha256:349884248c36801afa19e342a77cc4458caca694b0eda633f5878e458a44cb2c",
                "sha256:398e0d35e086ba38a0427c3b37f4337327231942e731edaa6e9fd1865bbd6f60",
                "sha256:4e73ef678b1a859f0cb29e1d895526a20ea64b5ffd510a2307b5998c7df24281",
                "sha256:559bce3d31484b665259f50cd94c5c28b961b09315ccd838f284687245f416e5",
                "sha256:abbe53a39734ef4aba061fca54e30c6b4639d3e1f59653f0da37a0003de148c7",
                "sha256:c845db36ba616912074c5b1ee897f8e0124df269468f25e4fe21fe72f6edd7a9",
                "sha256:c9399267c926a4e7c418baa5cbe91c7d1cf362d505a1ef898fde44a07c9dd8a5"
            ],
            "index": "pypi",
            "version": "==6.0.3"
        },
        "watchdog": {
            "hashes": [
                "sha256:7e65882adb7746039b6f3876ee174952f8eaaa34491ba34333ddf1fe35de4162"
            ],
            "index": "pypi",
            "version": "==0.8.3"
        },
        "websocket-client": {
            "hashes": [
                "sha256:40ac14a0c54e14d22809a5c8d553de5a2ae45de3c60105fae53bcb281b3fe6fb"
            ],
            "index": "pypi",
            "version": "==0.40.0"
        }
    },
    "develop": {
        "appdirs": {
            "hashes": [
                "sha256:9e5896d1372858f8dd3344faf4e5014d21849c756c8d5701f78f8a103b372d92",
                "sha256:d8b24664561d0d34ddfaec54636d502d7cea6e29c3eaf68f3df6180863e2166e"
            ],
            "version": "==1.4.3"
        },
        "backcall": {
            "hashes": [
                "sha256:38ecd85be2c1e78f77fd91700c76e14667dc21e2713b63876c0eb901196e01e4",
                "sha256:bbbf4b1e5cd2bdb08f915895b51081c041bac22394fdfcfdfbe9f14b77c08bf2"
            ],
            "version": "==0.1.0"
        },
        "coverage": {
            "hashes": [
                "sha256:01406019418aabb2d4741647cc79b0e0deb0b8c5a6f936936c303e2f82ec8e5b",
                "sha256:01a07b2b9212d4da3a1294436b58ac53f1d7aa445bda666648a5357048dc7ef3",
                "sha256:024682371464c6e3caa975aba12b4d5428f35613489340fce1334c74d590a057",
                "sha256:07c15c4a2287116a41d5966f1f5a7be765640c2e5a1917f882850a24615db6d3",
                "sha256:1d23dea598fb4d61a8577d0eb0cb2b7932db0c8d2e1394088ad5f64e3fe1febf",
                "sha256:1eeb9de833c3b976ee118a8d838af437bfa596bf60a5bf0705f4370e6d181a52",
                "sha256:229ab9c0d53c55d698b8784d53077bef7a5f1fb5d27e90dc7b6f91243b024513",
                "sha256:2f5a8bf29bdc69976d0913745daab11f8265e46ec41153f5e1e1794088019dad",
                "sha256:2f959bc1b40a3ef2c5f0c7bc282226d6d4bd585b239bcce321013afc18ff0a0f",
                "sha256:36407249a0b6669c6ad4425b0f29685579df745480c03afa70f101f09f4eead3",
                "sha256:3efa49e3da8f32071ee3d5d464cc6b6f8818524d4099b4a94b86a70b8c88d4f5",
                "sha256:422bcc6270e1c0cd9043048ce244f49072e9bd78a2c028c2ad2cfd58c79f5936",
                "sha256:4fa2b181c3bf94cfdf841148d5d9abcab1890188dd908a639bcf7a38c50092bc",
                "sha256:57c0c217270e628380f4befbbf8c5312b88ba7d81fd3d1b2218a25a2608f603c",
                "sha256:6ae76a6cd594107ad45525278e8addeae4628a59c8cde3999548d7fe1646465b",
                "sha256:6d3c762c87062a29771015f942752caef42fcc7fe4be2b03186f96788242290c",
                "sha256:8a82664931a071399d703d65af2521e2202b34f2d8db20fa22a922fec0339022",
                "sha256:8b282292973a1dc4eccfcc0776e0fde75b5b3de2e35164c2d854f7dd80149e4b",
                "sha256:9a7874ca91cee8714277cd6d1b52374809ab925bf6ae92607bf02509019caadb",
                "sha256:9c3e6551597593c1afedcbccf1371995f94457aea82cac726d1f3a25f4507386",
                "sha256:a791068e1bbe443fcd3179b1c180c27a7fc58c1554b0d10311b7659d2d2d76f5",
                "sha256:adf04843188418b012dd1974e397a7ac3faa1855cbcd69083e3af4da6de9dd81",
                "sha256:adfbbd4a1d22fd77b13ff992946b19873407e035504abe9ba537494fe013300f",
                "sha256:b25aa3531220faaf1727fc29bc000798476b4a30f429dc07898d5da48caefa15",
                "sha256:c12f34c0b50e9e8bf8c049b6c8ca59929c33cea4b1c48362c99c36838c1ee025",
                "sha256:c736faa1688222a6c8a5d8be4b66ec373ad6dab27fced8ca0d2c80fed70ac6e3",
                "sha256:ca36d83cd591d027952e5019149c4386e7058cd674bf8cb52dc622f768d689e9",
                "sha256:e1fb21a807aa0b5cc79806d8ef09078acaa83f994e15f0f7277489ca8eda51b7",
                "sha256:e53199ae110cb7e250dd5505fde34452514f4eb2f1fb7532270d2ea037454b09",
                "sha256:ea9808001dcf34d368cbef430e7885fdc76a2cf8ea96a8ed8b653797dd9555bb",
                "sha256:eaaefe0f6aa33de5a65f48dd0040d7fe08cac9ac6c35a56d0a7db109c3e733df",
                "sha256:f27772c9ee88ed3f2a784181f3d1724561499e7e448ed1706153336baa706bd5",
                "sha256:f99066d76274800145a2e658026b30962eb5079346249197e88b55c9a7855e6a",
                "sha256:fd3373ccd561b79932d12a986674e642816cfc4db4507b6a22ab30c318a85429"
            ],
            "index": "pypi",
            "version": "==4.3.4"
        },
        "decorator": {
            "hashes": [
                "sha256:54c38050039232e1db4ad7375cfce6748d7b41c29e95a081c8a6d2c30364a2ce",
                "sha256:5d19b92a3c8f7f101c8dd86afd86b0f061a8ce4540ab8cd401fa2542756bce6d"
            ],
            "version": "==4.4.1"
        },
        "distlib": {
            "hashes": [
                "sha256:2e166e231a26b36d6dfe35a48c4464346620f8645ed0ace01ee31822b288de21"
            ],
            "version": "==0.3.0"
        },
        "django": {
            "hashes": [
                "sha256:a3b01cdff845a43830d7ccacff55e0b8ff08305a4cbf894517a686e53ba3ad2d",
                "sha256:b33ce35f47f745fea6b5aa3cf3f4241069803a3712d423ac748bd673a39741eb"
            ],
            "index": "pypi",
            "version": "==1.11.28"
        },
        "filelock": {
            "hashes": [
                "sha256:18d82244ee114f543149c66a6e0c14e9c4f8a1044b5cdaadd0f82159d6a6ff59",
                "sha256:929b7d63ec5b7d6b71b0fa5ac14e030b3f70b75747cef1b10da9b879fef15836"
            ],
            "version": "==3.0.12"
        },
        "importlib-metadata": {
            "hashes": [
                "sha256:06f5b3a99029c7134207dd882428a66992a9de2bef7c2b699b5641f9886c3302",
                "sha256:b97607a1a18a5100839aec1dc26a1ea17ee0d93b20b0f008d80a5a050afb200b"
            ],
            "markers": "python_version < '3.8'",
            "version": "==1.5.0"
        },
        "ipdb": {
            "hashes": [
                "sha256:473fdd798a099765f093231a8b1fabfa95b0b682fce12de0c74b61a4b4d8ee57"
            ],
            "index": "pypi",
            "version": "==0.12.2"
        },
        "ipython": {
            "hashes": [
                "sha256:d9459e7237e2e5858738ff9c3e26504b79899b58a6d49e574d352493d80684c6",
                "sha256:f6689108b1734501d3b59c84427259fd5ac5141afe2e846cfa8598eb811886c9"
            ],
            "version": "==7.12.0"
        },
        "ipython-genutils": {
            "hashes": [
                "sha256:72dd37233799e619666c9f639a9da83c34013a73e8bbc79a7a6348d93c61fab8",
                "sha256:eb2e116e75ecef9d4d228fdc66af54269afa26ab4463042e33785b887c628ba8"
            ],
            "version": "==0.2.0"
        },
        "jedi": {
            "hashes": [
                "sha256:b4f4052551025c6b0b0b193b29a6ff7bdb74c52450631206c262aef9f7159ad2",
                "sha256:d5c871cb9360b414f981e7072c52c33258d598305280fef91c6cae34739d65d5"
            ],
            "version": "==0.16.0"
        },
        "mock": {
            "hashes": [
                "sha256:5ce3c71c5545b472da17b72268978914d0252980348636840bd34a00b5cc96c1",
                "sha256:b158b6df76edd239b8208d481dc46b6afd45a846b7812ff0ce58971cf5bc8bba"
            ],
            "index": "pypi",
            "version": "==2.0.0"
        },
        "nose2": {
            "hashes": [
                "sha256:479bab6880468f26fd8a1301d222ec97243e9a539501b5d242307bfa03969ff4"
            ],
            "index": "pypi",
            "version": "==0.6.5"
        },
        "parso": {
            "hashes": [
                "sha256:56b2105a80e9c4df49de85e125feb6be69f49920e121406f15e7acde6c9dfc57",
                "sha256:951af01f61e6dccd04159042a0706a31ad437864ec6e25d0d7a96a9fbb9b0095"
            ],
            "version": "==0.6.1"
        },
        "pbr": {
            "hashes": [
                "sha256:139d2625547dbfa5fb0b81daebb39601c478c21956dc57e2e07b74450a8c506b",
                "sha256:61aa52a0f18b71c5cc58232d2cf8f8d09cd67fcad60b742a60124cb8d6951488"
            ],
            "version": "==5.4.4"
        },
        "pexpect": {
            "hashes": [
                "sha256:0b48a55dcb3c05f3329815901ea4fc1537514d6ba867a152b581d69ae3710937",
                "sha256:fc65a43959d153d0114afe13997d439c22823a27cefceb5ff35c2178c6784c0c"
            ],
            "markers": "sys_platform != 'win32'",
            "version": "==4.8.0"
        },
        "pickleshare": {
            "hashes": [
                "sha256:87683d47965c1da65cdacaf31c8441d12b8044cdec9aca500cd78fc2c683afca",
                "sha256:9649af414d74d4df115d5d718f82acb59c9d418196b7b4290ed47a12ce62df56"
            ],
            "version": "==0.7.5"
        },
        "pluggy": {
            "hashes": [
                "sha256:15b2acde666561e1298d71b523007ed7364de07029219b604cf808bfa1c765b0",
                "sha256:966c145cd83c96502c3c3868f50408687b38434af77734af1e9ca461a4081d2d"
            ],
            "version": "==0.13.1"
        },
        "prompt-toolkit": {
            "hashes": [
                "sha256:a402e9bf468b63314e37460b68ba68243d55b2f8c4d0192f85a019af3945050e",
                "sha256:c93e53af97f630f12f5f62a3274e79527936ed466f038953dfa379d4941f651a"
            ],
            "version": "==3.0.3"
        },
        "ptyprocess": {
            "hashes": [
                "sha256:923f299cc5ad920c68f2bc0bc98b75b9f838b93b599941a6b63ddbc2476394c0",
                "sha256:d7cc528d76e76342423ca640335bd3633420dc1366f258cb31d05e865ef5ca1f"
            ],
            "version": "==0.6.0"
        },
        "py": {
            "hashes": [
                "sha256:5e27081401262157467ad6e7f851b7aa402c5852dbcb3dae06768434de5752aa",
                "sha256:c20fdd83a5dbc0af9efd622bee9a5564e278f6380fffcacc43ba6f43db2813b0"
            ],
            "version": "==1.8.1"
        },
        "pygments": {
            "hashes": [
                "sha256:2a3fe295e54a20164a9df49c75fa58526d3be48e14aceba6d6b1e8ac0bfd6f1b",
                "sha256:98c8aa5a9f778fcd1026a17361ddaf7330d1b7c62ae97c3bb0ae73e0b9b6b0fe"
            ],
            "version": "==2.5.2"
        },
        "pytz": {
            "hashes": [
                "sha256:1c557d7d0e871de1f5ccd5833f60fb2550652da6be2693c1e02300743d21500d",
                "sha256:b02c06db6cf09c12dd25137e563b31700d3b80fcc4ad23abb7a315f2789819be"
            ],
            "version": "==2019.3"
        },
        "six": {
            "hashes": [
                "sha256:236bdbdce46e6e6a3d61a337c0f8b763ca1e8717c03b369e87a7ec7ce1319c0a",
                "sha256:8f3cd2e254d8f793e7f3d6d9df77b92252b52637291d0f0da013c76ea2724b6c"
            ],
            "version": "==1.14.0"
        },
        "tox": {
            "hashes": [
                "sha256:0f37ea637ead4a5bbae91531b0bf8fd327c7152e20255e5960ee180598228d21",
                "sha256:9c3bdc06fe411d24015e8bbbab9d03dc5243a970154496aac13f9283682435f9"
            ],
            "index": "pypi",
            "version": "==2.7.0"
        },
        "traitlets": {
            "hashes": [
                "sha256:70b4c6a1d9019d7b4f6846832288f86998aa3b9207c6821f3578a6a6a467fe44",
                "sha256:d023ee369ddd2763310e4c3eae1ff649689440d4ae59d7485eb4cfbbe3e359f7"
            ],
            "version": "==4.3.3"
        },
        "virtualenv": {
            "hashes": [
                "sha256:7e4e234e1f27755685dc54063d989756790b0682d60e304db589fa1604938013",
                "sha256:e0099edd03c77e14a8ac9be62e45af28759984075d9409bb2c3a4edeb7420a23"
            ],
            "markers": "python_version != '3.2'",
            "version": "==20.0.2"
        },
        "wcwidth": {
            "hashes": [
                "sha256:8fd29383f539be45b20bd4df0dc29c20ba48654a41e661925e612311e9f3c603",
                "sha256:f28b3e8a6483e5d49e7f8949ac1a78314e740333ae305b4ba5defd3e74fb37a8"
            ],
            "version": "==0.1.8"
        },
        "zipp": {
            "hashes": [
                "sha256:5c56e330306215cd3553342cfafc73dda2c60792384117893f3a83f8a1209f50",
                "sha256:d65287feb793213ffe11c0f31b81602be31448f38aeb8ffc2eb286c4f6f6657e"
            ],
            "version": "==2.2.0"
        }
    }
}
